
Microsoft Visual Studio Solution File, Format Version 12.00
# Visual Studio Version 17
VisualStudioVersion = 17.10.35122.118
MinimumVisualStudioVersion = 10.0.40219.1
Project("{FAE04EC0-301F-11D3-BF4B-00C04F79EFBC}") = "Portfolio.API", "Portfolio.API\Portfolio.API.csproj", "{DA35BBCB-E169-4183-8978-A0E70909D5E8}"
EndProject
Project("{FAE04EC0-301F-11D3-BF4B-00C04F79EFBC}") = "Portfolio.Core", "Portfolio.Core\Portfolio.Core.csproj", "{6C7AFCEB-E259-44D1-8D0E-A2868BD71EA3}"
EndProject
Project("{FAE04EC0-301F-11D3-BF4B-00C04F79EFBC}") = "Portfolio.DataAccess", "Portfolio.DataAccess\Portfolio.DataAccess.csproj", "{5425B124-72A8-44A8-BE6A-8BB9D5DE0A0B}"
EndProject
Project("{FAE04EC0-301F-11D3-BF4B-00C04F79EFBC}") = "Portfolio.Application", "Portfolio.Application\Portfolio.Application.csproj", "{C7365B0B-F4D8-434B-B461-2D2703FD6D1B}"
EndProject
Global
	GlobalSection(SolutionConfigurationPlatforms) = preSolution
		Debug|Any CPU = Debug|Any CPU
		Release|Any CPU = Release|Any CPU
	EndGlobalSection
	GlobalSection(ProjectConfigurationPlatforms) = postSolution
		{DA35BBCB-E169-4183-8978-A0E70909D5E8}.Debug|Any CPU.ActiveCfg = Debug|Any CPU
		{DA35BBCB-E169-4183-8978-A0E70909D5E8}.Debug|Any CPU.Build.0 = Debug|Any CPU
		{DA35BBCB-E169-4183-8978-A0E70909D5E8}.Release|Any CPU.ActiveCfg = Release|Any CPU
		{DA35BBCB-E169-4183-8978-A0E70909D5E8}.Release|Any CPU.Build.0 = Release|Any CPU
		{6C7AFCEB-E259-44D1-8D0E-A2868BD71EA3}.Debug|Any CPU.ActiveCfg = Debug|Any CPU
		{6C7AFCEB-E259-44D1-8D0E-A2868BD71EA3}.Debug|Any CPU.Build.0 = Debug|Any CPU
		{6C7AFCEB-E259-44D1-8D0E-A2868BD71EA3}.Release|Any CPU.ActiveCfg = Release|Any CPU
		{6C7AFCEB-E259-44D1-8D0E-A2868BD71EA3}.Release|Any CPU.Build.0 = Release|Any CPU
		{5425B124-72A8-44A8-BE6A-8BB9D5DE0A0B}.Debug|Any CPU.ActiveCfg = Debug|Any CPU
		{5425B124-72A8-44A8-BE6A-8BB9D5DE0A0B}.Debug|Any CPU.Build.0 = Debug|Any CPU
		{5425B124-72A8-44A8-BE6A-8BB9D5DE0A0B}.Release|Any CPU.ActiveCfg = Release|Any CPU
		{5425B124-72A8-44A8-BE6A-8BB9D5DE0A0B}.Release|Any CPU.Build.0 = Release|Any CPU
		{C7365B0B-F4D8-434B-B461-2D2703FD6D1B}.Debug|Any CPU.ActiveCfg = Debug|Any CPU
		{C7365B0B-F4D8-434B-B461-2D2703FD6D1B}.Debug|Any CPU.Build.0 = Debug|Any CPU
		{C7365B0B-F4D8-434B-B461-2D2703FD6D1B}.Release|Any CPU.ActiveCfg = Release|Any CPU
		{C7365B0B-F4D8-434B-B461-2D2703FD6D1B}.Release|Any CPU.Build.0 = Release|Any CPU
	EndGlobalSection
	GlobalSection(SolutionProperties) = preSolution
		HideSolutionNode = FALSE
	EndGlobalSection
	GlobalSection(ExtensibilityGlobals) = postSolution
		SolutionGuid = {90EA5286-CB48-4ABB-8D33-5A2324F2AB9D}
	EndGlobalSection
EndGlobal
